// !$*UTF8*$!
{
	archiveVersion = 1;
	classes = {
	};
	objectVersion = 46;
	objects = {

/* Begin PBXBuildFile section */
		7BBF70191D0B9DA700A7B88B /* main.m in Sources */ = {isa = PBXBuildFile; fileRef = 7BBF70181D0B9DA700A7B88B /* main.m */; };
		7BBF70211D0B9FB100A7B88B /* Rectangle.m in Sources */ = {isa = PBXBuildFile; fileRef = 7BBF70201D0B9FB100A7B88B /* Rectangle.m */; };
		7BBF70241D0B9FB900A7B88B /* MyPoint.m in Sources */ = {isa = PBXBuildFile; fileRef = 7BBF70231D0B9FB900A7B88B /* MyPoint.m */; };
		7BBF70271D0BA30900A7B88B /* Utilities.m in Sources */ = {isa = PBXBuildFile; fileRef = 7BBF70261D0BA30900A7B88B /* Utilities.m */; };
/* End PBXBuildFile section */

/* Begin PBXCopyFilesBuildPhase section */
		7BBF70131D0B9DA700A7B88B /* CopyFiles */ = {
			isa = PBXCopyFilesBuildPhase;
			buildActionMask = 2147483647;
			dstPath = /usr/share/man/man1/;
			dstSubfolderSpec = 0;
			files = (
			);
			runOnlyForDeploymentPostprocessing = 1;
		};
/* End PBXCopyFilesBuildPhase section */

/* Begin PBXFileReference section */
		7BBF70151D0B9DA700A7B88B /* RectanglesTest */ = {isa = PBXFileReference; explicitFileType = "compiled.mach-o.executable"; includeInIndex = 0; path = RectanglesTest; sourceTree = BUILT_PRODUCTS_DIR; };
		7BBF70181D0B9DA700A7B88B /* main.m */ = {isa = PBXFileReference; lastKnownFileType = sourcecode.c.objc; path = main.m; sourceTree = "<group>"; };
		7BBF701F1D0B9FB000A7B88B /* Rectangle.h */ = {isa = PBXFileReference; fileEncoding = 4; lastKnownFileType = sourcecode.c.h; path = Rectangle.h; sourceTree = "<group>"; };
		7BBF70201D0B9FB100A7B88B /* Rectangle.m */ = {isa = PBXFileReference; fileEncoding = 4; lastKnownFileType = sourcecode.c.objc; path = Rectangle.m; sourceTree = "<group>"; };
		7BBF70221D0B9FB900A7B88B /* MyPoint.h */ = {isa = PBXFileReference; fileEncoding = 4; lastKnownFileType = sourcecode.c.h; path = MyPoint.h; sourceTree = "<group>"; };
		7BBF70231D0B9FB900A7B88B /* MyPoint.m */ = {isa = PBXFileReference; fileEncoding = 4; lastKnownFileType = sourcecode.c.objc; path = MyPoint.m; sourceTree = "<group>"; };
		7BBF70251D0BA30900A7B88B /* Utilities.h */ = {isa = PBXFileReference; fileEncoding = 4; lastKnownFileType = sourcecode.c.h; path = Utilities.h; sourceTree = "<group>"; };
		7BBF70261D0BA30900A7B88B /* Utilities.m */ = {isa = PBXFileReference; fileEncoding = 4; lastKnownFileType = sourcecode.c.objc; path = Utilities.m; sourceTree = "<group>"; };
/* End PBXFileReference section */

/* Begin PBXFrameworksBuildPhase section */
		7BBF70121D0B9DA700A7B88B /* Frameworks */ = {
			isa = PBXFrameworksBuildPhase;
			buildActionMask = 2147483647;
			files = (
			);
			runOnlyForDeploymentPostprocessing = 0;
		};
/* End PBXFrameworksBuildPhase section */

/* Begin PBXGroup section */
		7BBF700C1D0B9DA700A7B88B = {
			isa = PBXGroup;
			children = (
				7BBF70171D0B9DA700A7B88B /* RectanglesTest */,
				7BBF70161D0B9DA700A7B88B /* Products */,
			);
			sourceTree = "<group>";
		};
		7BBF70161D0B9DA700A7B88B /* Products */ = {
			isa = PBXGroup;
			children = (
				7BBF70151D0B9DA700A7B88B /* RectanglesTest */,
			);
			name = Products;
			sourceTree = "<group>";
		};
		7BBF70171D0B9DA700A7B88B /* RectanglesTest */ = {
			isa = PBXGroup;
			children = (
				7BBF70181D0B9DA700A7B88B /* main.m */,
				7BBF701F1D0B9FB000A7B88B /* Rectangle.h */,
				7BBF70201D0B9FB100A7B88B /* Rectangle.m */,
				7BBF70221D0B9FB900A7B88B /* MyPoint.h */,
				7BBF70231D0B9FB900A7B88B /* MyPoint.m */,
				7BBF70251D0BA30900A7B88B /* Utilities.h */,
				7BBF70261D0BA30900A7B88B /* Utilities.m */,
			);
			path = RectanglesTest;
			sourceTree = "<group>";
		};
/* End PBXGroup section */

/* Begin PBXNativeTarget section */
		7BBF70141D0B9DA700A7B88B /* RectanglesTest */ = {
			isa = PBXNativeTarget;
			buildConfigurationList = 7BBF701C1D0B9DA700A7B88B /* Build configuration list for PBXNativeTarget "RectanglesTest" */;
			buildPhases = (
				7BBF70111D0B9DA700A7B88B /* Sources */,
				7BBF70121D0B9DA700A7B88B /* Frameworks */,
				7BBF70131D0B9DA700A7B88B /* CopyFiles */,
			);
			buildRules = (
			);
			dependencies = (
			);
			name = RectanglesTest;
			productName = RectanglesTest;
			productReference = 7BBF70151D0B9DA700A7B88B /* RectanglesTest */;
			productType = "com.apple.product-type.tool";
		};
/* End PBXNativeTarget section */

/* Begin PBXProject section */
		7BBF700D1D0B9DA700A7B88B /* Project object */ = {
			isa = PBXProject;
			attributes = {
				LastUpgradeCheck = 0730;
				ORGANIZATIONNAME = "Turn to Tech";
				TargetAttributes = {
					7BBF70141D0B9DA700A7B88B = {
						CreatedOnToolsVersion = 7.3;
					};
				};
			};
			buildConfigurationList = 7BBF70101D0B9DA700A7B88B /* Build configuration list for PBXProject "RectanglesTest" */;
			compatibilityVersion = "Xcode 3.2";
			developmentRegion = English;
			hasScannedForEncodings = 0;
			knownRegions = (
				en,
			);
			mainGroup = 7BBF700C1D0B9DA700A7B88B;
			productRefGroup = 7BBF70161D0B9DA700A7B88B /* Products */;
			projectDirPath = "";
			projectRoot = "";
			targets = (
				7BBF70141D0B9DA700A7B88B /* RectanglesTest */,
			);
		};
/* End PBXProject section */

/* Begin PBXSourcesBuildPhase section */
		7BBF70111D0B9DA700A7B88B /* Sources */ = {
			isa = PBXSourcesBuildPhase;
			buildActionMask = 2147483647;
			files = (
				7BBF70241D0B9FB900A7B88B /* MyPoint.m in Sources */,
				7BBF70191D0B9DA700A7B88B /* main.m in Sources */,
				7BBF70271D0BA30900A7B88B /* Utilities.m in Sources */,
				7BBF70211D0B9FB100A7B88B /* Rectangle.m in Sources */,
			);
			runOnlyForDeploymentPostprocessing = 0;
		};
/* End PBXSourcesBuildPhase section */

/* Begin XCBuildConfiguration section */
		7BBF701A1D0B9DA700A7B88B /* Debug */ = {
			isa = XCBuildConfiguration;
			buildSettings = {
				ALWAYS_SEARCH_USER_PATHS = NO;
				CLANG_ANALYZER_NONNULL = YES;
				CLANG_CXX_LANGUAGE_STANDARD = "gnu++0x";
				CLANG_CXX_LIBRARY = "libc++";
				CLANG_ENABLE_MODULES = YES;
				CLANG_ENABLE_OBJC_ARC = YES;
				CLANG_WARN_BOOL_CONVERSION = YES;
				CLANG_WARN_CONSTANT_CONVERSION = YES;
				CLANG_WARN_DIRECT_OBJC_ISA_USAGE = YES_ERROR;
				CLANG_WARN_EMPTY_BODY = YES;
				CLANG_WARN_ENUM_CONVERSION = YES;
				CLANG_WARN_INT_CONVERSION = YES;
				CLANG_WARN_OBJC_ROOT_CLASS = YES_ERROR;
				CLANG_WARN_UNREACHABLE_CODE = YES;
				CLANG_WARN__DUPLICATE_METHOD_MATCH = YES;
				CODE_SIGN_IDENTITY = "-";
				COPY_PHASE_STRIP = NO;
				DEBUG_INFORMATION_FORMAT = dwarf;
				ENABLE_STRICT_OBJC_MSGSEND = YES;
				ENABLE_TESTABILITY = YES;
				GCC_C_LANGUAGE_STANDARD = gnu99;
				GCC_DYNAMIC_NO_PIC = NO;
				GCC_NO_COMMON_BLOCKS = YES;
				GCC_OPTIMIZATION_LEVEL = 0;
				GCC_PREPROCESSOR_DEFINITIONS = (
					"DEBUG=1",
					"$(inherited)",
				);
				GCC_WARN_64_TO_32_BIT_CONVERSION = YES;
				GCC_WARN_ABOUT_RETURN_TYPE = YES_ERROR;
				GCC_WARN_UNDECLARED_SELECTOR = YES;
				GCC_WARN_UNINITIALIZED_AUTOS = YES_AGGRESSIVE;
				GCC_WARN_UNUSED_FUNCTION = YES;
				GCC_WARN_UNUSED_VARIABLE = YES;
				MACOSX_DEPLOYMENT_TARGET = 10.11;
				MTL_ENABLE_DEBUG_INFO = YES;
				ONLY_ACTIVE_ARCH = YES;
				SDKROOT = macosx;
			};
			name = Debug;
		};
		7BBF701B1D0B9DA700A7B88B /* Release */ = {
			isa = XCBuildConfiguration;
			buildSettings = {
				ALWAYS_SEARCH_USER_PATHS = NO;
				CLANG_ANALYZER_NONNULL = YES;
				CLANG_CXX_LANGUAGE_STANDARD = "gnu++0x";
				CLANG_CXX_LIBRARY = "libc++";
				CLANG_ENABLE_MODULES = YES;
				CLANG_ENABLE_OBJC_ARC = YES;
				CLANG_WARN_BOOL_CONVERSION = YES;
				CLANG_WARN_CONSTANT_CONVERSION = YES;
				CLANG_WARN_DIRECT_OBJC_ISA_USAGE = YES_ERROR;
				CLANG_WARN_EMPTY_BODY = YES;
				CLANG_WARN_ENUM_CONVERSION = YES;
				CLANG_WARN_INT_CONVERSION = YES;
				CLANG_WARN_OBJC_ROOT_CLASS = YES_ERROR;
				CLANG_WARN_UNREACHABLE_CODE = YES;
				CLANG_WARN__DUPLICATE_METHOD_MATCH = YES;
				CODE_SIGN_IDENTITY = "-";
				COPY_PHASE_STRIP = NO;
				DEBUG_INFORMATION_FORMAT = "dwarf-with-dsym";
				ENABLE_NS_ASSERTIONS = NO;
				ENABLE_STRICT_OBJC_MSGSEND = YES;
				GCC_C_LANGUAGE_STANDARD = gnu99;
				GCC_NO_COMMON_BLOCKS = YES;
				GCC_WARN_64_TO_32_BIT_CONVERSION = YES;
				GCC_WARN_ABOUT_RETURN_TYPE = YES_ERROR;
				GCC_WARN_UNDECLARED_SELECTOR = YES;
				GCC_WARN_UNINITIALIZED_AUTOS = YES_AGGRESSIVE;
				GCC_WARN_UNUSED_FUNCTION = YES;
				GCC_WARN_UNUSED_VARIABLE = YES;
				MACOSX_DEPLOYMENT_TARGET = 10.11;
				MTL_ENABLE_DEBUG_INFO = NO;
				SDKROOT = macosx;
			};
			name = Release;
		};
		7BBF701D1D0B9DA700A7B88B /* Debug */ = {
			isa = XCBuildConfiguration;
			buildSettings = {
				PRODUCT_NAME = "$(TARGET_NAME)";
			};
			name = Debug;
		};
		7BBF701E1D0B9DA700A7B88B /* Release */ = {
			isa = XCBuildConfiguration;
			buildSettings = {
				PRODUCT_NAME = "$(TARGET_NAME)";
			};
			name = Release;
		};
/* End XCBuildConfiguration section */

/* Begin XCConfigurationList section */
		7BBF70101D0B9DA700A7B88B /* Build configuration list for PBXProject "RectanglesTest" */ = {
			isa = XCConfigurationList;
			buildConfigurations = (
				7BBF701A1D0B9DA700A7B88B /* Debug */,
				7BBF701B1D0B9DA700A7B88B /* Release */,
			);
			defaultConfigurationIsVisible = 0;
			defaultConfigurationName = Release;
		};
		7BBF701C1D0B9DA700A7B88B /* Build configuration list for PBXNativeTarget "RectanglesTest" */ = {
			isa = XCConfigurationList;
			buildConfigurations = (
				7BBF701D1D0B9DA700A7B88B /* Debug */,
				7BBF701E1D0B9DA700A7B88B /* Release */,
			);
			defaultConfigurationIsVisible = 0;
		};
/* End XCConfigurationList section */
	};
	rootObject = 7BBF700D1D0B9DA700A7B88B /* Project object */;
}
